# This file is autogenerated, do not edit; changes may be undone by the next 'dep ensure'.


[[projects]]
  digest = "1:8eca1a18640cf3c015df3721cf4eaf9b470df7d50d2cc52e17065fddb3a4e8e7"
  name = "github.com/Sirupsen/logrus"
  packages = ["."]
  pruneopts = "UT"
  revision = "4b6ea7319e214d98c938f12692336f7ca9348d6b"
  version = "v0.10.0"

[[projects]]
  digest = "1:d9b27cbeb6d95d72be71aac1a5682160ea4cc226be7f29d5f60df137ecde9f3e"
  name = "github.com/deckarep/golang-set"
  packages = ["."]
  pruneopts = "UT"
  revision = "52ba7f28f319e9d560acbf47c7fcf9b9ee7aa7d3"
  version = "v1.5"

[[projects]]
  digest = "1:e74c7fcca6a9c96f8f1dacc7ae40a09338e51ce4b379f139069c88ba7ea08239"
  name = "github.com/mgutz/ansi"
  packages = ["."]
  pruneopts = "UT"
  revision = "c286dcecd19ff979eeb73ea444e479b903f2cfcb"

[[projects]]
  digest = "1:934d68ddfda23593d5fe1bc76b823843380285e04356312134ed00105d1cba69"
  name = "github.com/x-cray/logrus-prefixed-formatter"
  packages = ["."]
  pruneopts = "UT"
  revision = "78e945f7d6bfe5a81ce6121d92d8118e44303e58"
  version = "v0.2.0"

[[projects]]
  digest = "1:62d32e3ab9655bb0124b5d7a87eed55c6606a5488290111bd2a06a5f01baba1d"
  name = "golang.org/x/sys"
  packages = ["unix"]
  pruneopts = "UT"
  revision = "8f0908ab3b2457e2e15403d3697c9ef5cb4b57a9"

[[projects]]
  digest = "1:7030f647fdf1a3ab4f0ac9a1aab766d1a1eb688591e004f048ada47c516e96ab"
  name = "gopkg.in/urfave/cli.v1"
  packages = ["."]
  pruneopts = "UT"
  revision = "a14d7d367bc02b1f57d88de97926727f2d936387"
  version = "v1.18.1"

[[projects]]
  digest = "1:f94369bcc35509448b7d9c63e91313a8689276605510c4b57fe0b24954a0d220"
  name = "gopkg.in/yaml.v2"
  packages = ["."]
  pruneopts = "UT"
  revision = "31c299268d302dd0aa9a0dcf765a3d58971ac83f"

[solve-meta]
  analyzer-name = "dep"
  analyzer-version = 1
  input-imports = [
    "github.com/Sirupsen/logrus",
    "github.com/deckarep/golang-set",
    "github.com/x-cray/logrus-prefixed-formatter",
    "gopkg.in/urfave/cli.v1",
    "gopkg.in/yaml.v2",
  ]
  solver-name = "gps-cdcl"
  solver-version = 1
